
Microsoft Visual Studio Solution File, Format Version 12.00
# Visual Studio Version 17
VisualStudioVersion = 17.1.32328.378
MinimumVisualStudioVersion = 10.0.40219.1
Project("{9A19103F-16F7-4668-BE54-9A1E7A4F7556}") = "WpfApp1", "WpfApp1\WpfApp1.csproj", "{7BCC26A2-6C57-46D7-A30E-BCE89C2E82D9}"
EndProject
Project("{9A19103F-16F7-4668-BE54-9A1E7A4F7556}") = "WikiCine", "WikiCine\WikiCine.csproj", "{CE80D06F-20D6-4A0D-9D59-5A785A91AFCE}"
EndProject
Project("{FAE04EC0-301F-11D3-BF4B-00C04F79EFBC}") = "EjemplosIValueConverter", "EjemplosIValueConverter\EjemplosIValueConverter.csproj", "{99CEFC96-A10B-45CE-804C-E35CB44B4C9A}"
EndProject
Global
	GlobalSection(SolutionConfigurationPlatforms) = preSolution
		Debug|Any CPU = Debug|Any CPU
		Release|Any CPU = Release|Any CPU
	EndGlobalSection
	GlobalSection(ProjectConfigurationPlatforms) = postSolution
		{7BCC26A2-6C57-46D7-A30E-BCE89C2E82D9}.Debug|Any CPU.ActiveCfg = Debug|Any CPU
		{7BCC26A2-6C57-46D7-A30E-BCE89C2E82D9}.Debug|Any CPU.Build.0 = Debug|Any CPU
		{7BCC26A2-6C57-46D7-A30E-BCE89C2E82D9}.Release|Any CPU.ActiveCfg = Release|Any CPU
		{7BCC26A2-6C57-46D7-A30E-BCE89C2E82D9}.Release|Any CPU.Build.0 = Release|Any CPU
		{CE80D06F-20D6-4A0D-9D59-5A785A91AFCE}.Debug|Any CPU.ActiveCfg = Debug|Any CPU
		{CE80D06F-20D6-4A0D-9D59-5A785A91AFCE}.Debug|Any CPU.Build.0 = Debug|Any CPU
		{CE80D06F-20D6-4A0D-9D59-5A785A91AFCE}.Release|Any CPU.ActiveCfg = Release|Any CPU
		{CE80D06F-20D6-4A0D-9D59-5A785A91AFCE}.Release|Any CPU.Build.0 = Release|Any CPU
		{99CEFC96-A10B-45CE-804C-E35CB44B4C9A}.Debug|Any CPU.ActiveCfg = Debug|Any CPU
		{99CEFC96-A10B-45CE-804C-E35CB44B4C9A}.Debug|Any CPU.Build.0 = Debug|Any CPU
		{99CEFC96-A10B-45CE-804C-E35CB44B4C9A}.Release|Any CPU.ActiveCfg = Release|Any CPU
		{99CEFC96-A10B-45CE-804C-E35CB44B4C9A}.Release|Any CPU.Build.0 = Release|Any CPU
	EndGlobalSection
	GlobalSection(SolutionProperties) = preSolution
		HideSolutionNode = FALSE
	EndGlobalSection
	GlobalSection(ExtensibilityGlobals) = postSolution
		SolutionGuid = {DF353CDC-5DD3-4D7D-BBD0-703CAC211A9F}
	EndGlobalSection
EndGlobal
